
Microsoft Visual Studio Solution File, Format Version 12.00
# Visual Studio Version 16
VisualStudioVersion = 16.0.31321.278
MinimumVisualStudioVersion = 10.0.40219.1
Project("{FAE04EC0-301F-11D3-BF4B-00C04F79EFBC}") = "Inheritence_Livingston_Stephen", "Inheritence_Livingston_Stephen\Inheritence_Livingston_Stephen.csproj", "{700EB58B-790D-454A-B6EE-569CCCA98202}"
EndProject
Global
	GlobalSection(SolutionConfigurationPlatforms) = preSolution
		Debug|Any CPU = Debug|Any CPU
		Release|Any CPU = Release|Any CPU
	EndGlobalSection
	GlobalSection(ProjectConfigurationPlatforms) = postSolution
		{700EB58B-790D-454A-B6EE-569CCCA98202}.Debug|Any CPU.ActiveCfg = Debug|Any CPU
		{700EB58B-790D-454A-B6EE-569CCCA98202}.Debug|Any CPU.Build.0 = Debug|Any CPU
		{700EB58B-790D-454A-B6EE-569CCCA98202}.Release|Any CPU.ActiveCfg = Release|Any CPU
		{700EB58B-790D-454A-B6EE-569CCCA98202}.Release|Any CPU.Build.0 = Release|Any CPU
	EndGlobalSection
	GlobalSection(SolutionProperties) = preSolution
		HideSolutionNode = FALSE
	EndGlobalSection
	GlobalSection(ExtensibilityGlobals) = postSolution
		SolutionGuid = {8FAADF4E-B077-410B-A486-B82D170EF343}
	EndGlobalSection
EndGlobal
